
Microsoft Visual Studio Solution File, Format Version 11.00
# Visual Studio 2010
Project("{FAE04EC0-301F-11D3-BF4B-00C04F79EFBC}") = "TCPSocket", "TCPSocket.csproj", "{0A462F16-8713-4B6B-9D9C-33989C159A5F}"
EndProject
Project("{FAE04EC0-301F-11D3-BF4B-00C04F79EFBC}") = "DBUtility", "..\DBUtility\DBUtility.csproj", "{0EC98648-67F8-4F5F-A49D-FA5BEF88BC64}"
EndProject
Global
	GlobalSection(SolutionConfigurationPlatforms) = preSolution
		Debug|Any CPU = Debug|Any CPU
		Debug|x86 = Debug|x86
		Release|Any CPU = Release|Any CPU
		Release|x86 = Release|x86
	EndGlobalSection
	GlobalSection(ProjectConfigurationPlatforms) = postSolution
		{0A462F16-8713-4B6B-9D9C-33989C159A5F}.Debug|Any CPU.ActiveCfg = Debug|Any CPU
		{0A462F16-8713-4B6B-9D9C-33989C159A5F}.Debug|Any CPU.Build.0 = Debug|Any CPU
		{0A462F16-8713-4B6B-9D9C-33989C159A5F}.Debug|x86.ActiveCfg = Debug|Any CPU
		{0A462F16-8713-4B6B-9D9C-33989C159A5F}.Release|Any CPU.ActiveCfg = Release|Any CPU
		{0A462F16-8713-4B6B-9D9C-33989C159A5F}.Release|Any CPU.Build.0 = Release|Any CPU
		{0A462F16-8713-4B6B-9D9C-33989C159A5F}.Release|x86.ActiveCfg = Release|Any CPU
		{0EC98648-67F8-4F5F-A49D-FA5BEF88BC64}.Debug|Any CPU.ActiveCfg = Debug|Any CPU
		{0EC98648-67F8-4F5F-A49D-FA5BEF88BC64}.Debug|Any CPU.Build.0 = Debug|Any CPU
		{0EC98648-67F8-4F5F-A49D-FA5BEF88BC64}.Debug|x86.ActiveCfg = Debug|x86
		{0EC98648-67F8-4F5F-A49D-FA5BEF88BC64}.Debug|x86.Build.0 = Debug|x86
		{0EC98648-67F8-4F5F-A49D-FA5BEF88BC64}.Release|Any CPU.ActiveCfg = Release|Any CPU
		{0EC98648-67F8-4F5F-A49D-FA5BEF88BC64}.Release|Any CPU.Build.0 = Release|Any CPU
		{0EC98648-67F8-4F5F-A49D-FA5BEF88BC64}.Release|x86.ActiveCfg = Release|x86
		{0EC98648-67F8-4F5F-A49D-FA5BEF88BC64}.Release|x86.Build.0 = Release|x86
	EndGlobalSection
	GlobalSection(SolutionProperties) = preSolution
		HideSolutionNode = FALSE
	EndGlobalSection
EndGlobal
